
Microsoft Visual Studio Solution File, Format Version 12.00
# Visual Studio Version 17
VisualStudioVersion = 17.0.31903.59
MinimumVisualStudioVersion = 10.0.40219.1
Project("{2150E333-8FDC-42A3-9474-1A3956D46DE8}") = "src", "src", "{F029F09C-B397-47A1-8748-937CEB2A7D72}"
EndProject
Project("{FAE04EC0-301F-11D3-BF4B-00C04F79EFBC}") = "AuctionService", "src\AuctionService\AuctionService.csproj", "{EC13D835-B5FF-4F8D-B93B-959F453AFDA0}"
EndProject
Project("{FAE04EC0-301F-11D3-BF4B-00C04F79EFBC}") = "SearchService", "src\SearchService\SearchService.csproj", "{EDC836DB-3D15-4313-AA98-6B91372C84AF}"
EndProject
Project("{FAE04EC0-301F-11D3-BF4B-00C04F79EFBC}") = "Contracts", "src\Contracts\Contracts.csproj", "{BE246C4C-3E26-4493-80F6-51000C9D74C6}"
EndProject
Project("{FAE04EC0-301F-11D3-BF4B-00C04F79EFBC}") = "IdentityService", "src\IdentityService\IdentityService.csproj", "{6E0E434D-7903-48EA-926F-61BFBDC138B7}"
EndProject
Project("{FAE04EC0-301F-11D3-BF4B-00C04F79EFBC}") = "GatewayService", "src\GatewayService\GatewayService.csproj", "{990B0C98-344E-46EC-823A-D2D524D2DEF6}"
EndProject
Project("{FAE04EC0-301F-11D3-BF4B-00C04F79EFBC}") = "BiddingService", "src\BiddingService\BiddingService.csproj", "{7ECA5F3C-7589-4F89-91FB-26A73BAF0163}"
EndProject
Global
	GlobalSection(SolutionConfigurationPlatforms) = preSolution
		Debug|Any CPU = Debug|Any CPU
		Release|Any CPU = Release|Any CPU
	EndGlobalSection
	GlobalSection(SolutionProperties) = preSolution
		HideSolutionNode = FALSE
	EndGlobalSection
	GlobalSection(ProjectConfigurationPlatforms) = postSolution
		{EC13D835-B5FF-4F8D-B93B-959F453AFDA0}.Debug|Any CPU.ActiveCfg = Debug|Any CPU
		{EC13D835-B5FF-4F8D-B93B-959F453AFDA0}.Debug|Any CPU.Build.0 = Debug|Any CPU
		{EC13D835-B5FF-4F8D-B93B-959F453AFDA0}.Release|Any CPU.ActiveCfg = Release|Any CPU
		{EC13D835-B5FF-4F8D-B93B-959F453AFDA0}.Release|Any CPU.Build.0 = Release|Any CPU
		{EDC836DB-3D15-4313-AA98-6B91372C84AF}.Debug|Any CPU.ActiveCfg = Debug|Any CPU
		{EDC836DB-3D15-4313-AA98-6B91372C84AF}.Debug|Any CPU.Build.0 = Debug|Any CPU
		{EDC836DB-3D15-4313-AA98-6B91372C84AF}.Release|Any CPU.ActiveCfg = Release|Any CPU
		{EDC836DB-3D15-4313-AA98-6B91372C84AF}.Release|Any CPU.Build.0 = Release|Any CPU
		{BE246C4C-3E26-4493-80F6-51000C9D74C6}.Debug|Any CPU.ActiveCfg = Debug|Any CPU
		{BE246C4C-3E26-4493-80F6-51000C9D74C6}.Debug|Any CPU.Build.0 = Debug|Any CPU
		{BE246C4C-3E26-4493-80F6-51000C9D74C6}.Release|Any CPU.ActiveCfg = Release|Any CPU
		{BE246C4C-3E26-4493-80F6-51000C9D74C6}.Release|Any CPU.Build.0 = Release|Any CPU
		{6E0E434D-7903-48EA-926F-61BFBDC138B7}.Debug|Any CPU.ActiveCfg = Debug|Any CPU
		{6E0E434D-7903-48EA-926F-61BFBDC138B7}.Debug|Any CPU.Build.0 = Debug|Any CPU
		{6E0E434D-7903-48EA-926F-61BFBDC138B7}.Release|Any CPU.ActiveCfg = Release|Any CPU
		{6E0E434D-7903-48EA-926F-61BFBDC138B7}.Release|Any CPU.Build.0 = Release|Any CPU
		{990B0C98-344E-46EC-823A-D2D524D2DEF6}.Debug|Any CPU.ActiveCfg = Debug|Any CPU
		{990B0C98-344E-46EC-823A-D2D524D2DEF6}.Debug|Any CPU.Build.0 = Debug|Any CPU
		{990B0C98-344E-46EC-823A-D2D524D2DEF6}.Release|Any CPU.ActiveCfg = Release|Any CPU
		{990B0C98-344E-46EC-823A-D2D524D2DEF6}.Release|Any CPU.Build.0 = Release|Any CPU
		{7ECA5F3C-7589-4F89-91FB-26A73BAF0163}.Debug|Any CPU.ActiveCfg = Debug|Any CPU
		{7ECA5F3C-7589-4F89-91FB-26A73BAF0163}.Debug|Any CPU.Build.0 = Debug|Any CPU
		{7ECA5F3C-7589-4F89-91FB-26A73BAF0163}.Release|Any CPU.ActiveCfg = Release|Any CPU
		{7ECA5F3C-7589-4F89-91FB-26A73BAF0163}.Release|Any CPU.Build.0 = Release|Any CPU
	EndGlobalSection
	GlobalSection(NestedProjects) = preSolution
		{EC13D835-B5FF-4F8D-B93B-959F453AFDA0} = {F029F09C-B397-47A1-8748-937CEB2A7D72}
		{EDC836DB-3D15-4313-AA98-6B91372C84AF} = {F029F09C-B397-47A1-8748-937CEB2A7D72}
		{BE246C4C-3E26-4493-80F6-51000C9D74C6} = {F029F09C-B397-47A1-8748-937CEB2A7D72}
		{6E0E434D-7903-48EA-926F-61BFBDC138B7} = {F029F09C-B397-47A1-8748-937CEB2A7D72}
		{990B0C98-344E-46EC-823A-D2D524D2DEF6} = {F029F09C-B397-47A1-8748-937CEB2A7D72}
		{7ECA5F3C-7589-4F89-91FB-26A73BAF0163} = {F029F09C-B397-47A1-8748-937CEB2A7D72}
	EndGlobalSection
EndGlobal
